
Microsoft Visual Studio Solution File, Format Version 12.00
# Visual Studio Version 16
VisualStudioVersion = 16.0.30320.27
MinimumVisualStudioVersion = 10.0.40219.1
Project("{E24C65DC-7377-472B-9ABA-BC803B73C61A}") = "tx_r17", "http://localhost:10586", "{7730B9A6-A321-4952-B9B5-D9CDA9E3B3A1}"
	ProjectSection(WebsiteProperties) = preProject
		UseIISExpress = "true"
		TargetFrameworkMoniker = ".NETFramework,Version%3Dv4.7.2"
		Debug.AspNetCompiler.VirtualPath = "/localhost_10586"
		Debug.AspNetCompiler.PhysicalPath = "tx_r17\"
		Debug.AspNetCompiler.TargetPath = "PrecompiledWeb\localhost_10586\"
		Debug.AspNetCompiler.Updateable = "true"
		Debug.AspNetCompiler.ForceOverwrite = "true"
		Debug.AspNetCompiler.FixedNames = "false"
		Debug.AspNetCompiler.Debug = "True"
		Release.AspNetCompiler.VirtualPath = "/localhost_10586"
		Release.AspNetCompiler.PhysicalPath = "tx_r17\"
		Release.AspNetCompiler.TargetPath = "PrecompiledWeb\localhost_10586\"
		Release.AspNetCompiler.Updateable = "true"
		Release.AspNetCompiler.ForceOverwrite = "true"
		Release.AspNetCompiler.FixedNames = "false"
		Release.AspNetCompiler.Debug = "False"
		SlnRelativePath = "tx_r17\"
	EndProjectSection
EndProject
Project("{FAE04EC0-301F-11D3-BF4B-00C04F79EFBC}") = "UnitTests", "UnitTests\UnitTests.csproj", "{224866C5-7DDB-4269-A623-B4658D43C082}"
EndProject
Project("{FAE04EC0-301F-11D3-BF4B-00C04F79EFBC}") = "IntegrationTests", "IntegrationTests\IntegrationTests.csproj", "{BBB5230B-870B-47F2-8A7E-52D736BDDE5C}"
EndProject
Global
	GlobalSection(SolutionConfigurationPlatforms) = preSolution
		Debug|Any CPU = Debug|Any CPU
		Release|Any CPU = Release|Any CPU
	EndGlobalSection
	GlobalSection(ProjectConfigurationPlatforms) = postSolution
		{7730B9A6-A321-4952-B9B5-D9CDA9E3B3A1}.Debug|Any CPU.ActiveCfg = Debug|Any CPU
		{7730B9A6-A321-4952-B9B5-D9CDA9E3B3A1}.Debug|Any CPU.Build.0 = Debug|Any CPU
		{7730B9A6-A321-4952-B9B5-D9CDA9E3B3A1}.Release|Any CPU.ActiveCfg = Debug|Any CPU
		{7730B9A6-A321-4952-B9B5-D9CDA9E3B3A1}.Release|Any CPU.Build.0 = Debug|Any CPU
		{224866C5-7DDB-4269-A623-B4658D43C082}.Debug|Any CPU.ActiveCfg = Debug|Any CPU
		{224866C5-7DDB-4269-A623-B4658D43C082}.Debug|Any CPU.Build.0 = Debug|Any CPU
		{224866C5-7DDB-4269-A623-B4658D43C082}.Release|Any CPU.ActiveCfg = Release|Any CPU
		{224866C5-7DDB-4269-A623-B4658D43C082}.Release|Any CPU.Build.0 = Release|Any CPU
		{BBB5230B-870B-47F2-8A7E-52D736BDDE5C}.Debug|Any CPU.ActiveCfg = Debug|Any CPU
		{BBB5230B-870B-47F2-8A7E-52D736BDDE5C}.Debug|Any CPU.Build.0 = Debug|Any CPU
		{BBB5230B-870B-47F2-8A7E-52D736BDDE5C}.Release|Any CPU.ActiveCfg = Release|Any CPU
		{BBB5230B-870B-47F2-8A7E-52D736BDDE5C}.Release|Any CPU.Build.0 = Release|Any CPU
	EndGlobalSection
	GlobalSection(SolutionProperties) = preSolution
		HideSolutionNode = FALSE
	EndGlobalSection
	GlobalSection(ExtensibilityGlobals) = postSolution
		SolutionGuid = {7ECB43C7-2EA9-481A-B352-D49A2DE388F5}
	EndGlobalSection
EndGlobal
